# THIS IS AN AUTOGENERATED FILE. DO NOT EDIT THIS FILE DIRECTLY.
# yarn lockfile v1
ap@~0.2.0:
  version "0.2.0"
  resolved "https://registry.yarnpkg.com/ap/-/ap-0.2.0.tgz#ae0942600b29912f0d2b14ec60c45e8f330b6110"

arguments-extended@~0.0.3:
  version "0.0.3"
  resolved "https://registry.yarnpkg.com/arguments-extended/-/arguments-extended-0.0.3.tgz#6107e4917d0eb6f0a4dd66320fc15afc72ef4946"
  dependencies:
    extended "~0.0.3"
    is-extended "~0.0.8"

array-extended@~0.0.3, array-extended@~0.0.4, array-extended@~0.0.5:
  version "0.0.11"
  resolved "https://registry.yarnpkg.com/array-extended/-/array-extended-0.0.11.tgz#d7144ae748de93ca726f121009dbff1626d164bd"
  dependencies:
    arguments-extended "~0.0.3"
    extended "~0.0.3"
    is-extended "~0.0.3"

async-method@0.1.x:
  version "0.1.1"
  resolved "https://registry.yarnpkg.com/async-method/-/async-method-0.1.1.tgz#8459089eef0ecd47def5e5f6d9edef3b2ac809d7"
  dependencies:
    ee-class "1.0.x"
    ee-log "0.3.x"
    ee-types "0.1.x"
    es6-promise "1.0.x"

bignumber.js@2.3.0:
  version "2.3.0"
  resolved "https://registry.yarnpkg.com/bignumber.js/-/bignumber.js-2.3.0.tgz#597a02d791edc3d64f17850e21789e7a4095df66"

binary-search-tree@0.2.4:
  version "0.2.4"
  resolved "https://registry.yarnpkg.com/binary-search-tree/-/binary-search-tree-0.2.4.tgz#14fe106366a59ca8efb68c0ae30c36aaff0cd510"
  dependencies:
    underscore "~1.4.4"

buffer-writer@1.0.1:
  version "1.0.1"
  resolved "https://registry.yarnpkg.com/buffer-writer/-/buffer-writer-1.0.1.tgz#22a936901e3029afcd7547eb4487ceb697a3bf08"

cachd@1.x:
  version "1.0.0"
  resolved "https://registry.yarnpkg.com/cachd/-/cachd-1.0.0.tgz#ef7f57644c3eb25c51035008a569afcbca1ba5b5"
  dependencies:
    ee-argv "^0.1.4"
    ee-class "1.x"
    ee-event-emitter "0.3.x"
    ee-log "0.3.x"
    linkd "0.3.x"
    memory-manager "0.1.x"

commander@0.6.1:
  version "0.6.1"
  resolved "https://registry.yarnpkg.com/commander/-/commander-0.6.1.tgz#fa68a14f6a945d54dbbe50d8cdb3320e9e3b1a06"

commander@2.3.0:
  version "2.3.0"
  resolved "https://registry.yarnpkg.com/commander/-/commander-2.3.0.tgz#fd430e889832ec353b9acd1de217c11cb3eef873"

core-util-is@~1.0.0:
  version "1.0.2"
  resolved "https://registry.yarnpkg.com/core-util-is/-/core-util-is-1.0.2.tgz#b5fd54220aa2bc5ab57aab7140c940754503c1a7"

date-extended@~0.0.3:
  version "0.0.6"
  resolved "https://registry.yarnpkg.com/date-extended/-/date-extended-0.0.6.tgz#23802d57dd1bf7818813fe0c32e851a86da267c9"
  dependencies:
    array-extended "~0.0.3"
    extended "~0.0.3"
    is-extended "~0.0.3"

debug@2.2.0:
  version "2.2.0"
  resolved "https://registry.yarnpkg.com/debug/-/debug-2.2.0.tgz#f87057e995b1a1f6ae6a4960664137bc56f039da"
  dependencies:
    ms "0.7.1"

declare.js@~0.0.4:
  version "0.0.8"
  resolved "https://registry.yarnpkg.com/declare.js/-/declare.js-0.0.8.tgz#0478adff9564c004f51df73d8bc134019d28dcde"

diff@1.4.0:
  version "1.4.0"
  resolved "https://registry.yarnpkg.com/diff/-/diff-1.4.0.tgz#7f28d2eb9ee7b15a97efd89ce63dcfdaa3ccbabf"

distributed-prototype@1.x:
  version "1.3.0"
  resolved "https://registry.yarnpkg.com/distributed-prototype/-/distributed-prototype-1.3.0.tgz#5e714ccbdede95611540b6f01c6225dad6f30cde"
  dependencies:
    cachd "1.x"
    ee-log "1.x"
    ee-soa-rpc-request "0.2.x"
    ee-types "2.x"

ee-arguments@1.0.x:
  version "1.0.4"
  resolved "https://registry.yarnpkg.com/ee-arguments/-/ee-arguments-1.0.4.tgz#e396534180c459b39bac9f321a5ddb46426f5d2d"
  dependencies:
    ee-class "1.0.*"
    ee-log "0.2.*"
    ee-types "0.1.*"

ee-argv@^0.1.4, ee-argv@0.1.*, ee-argv@0.1.x, ee-argv@0.x.x:
  version "0.1.4"
  resolved "https://registry.yarnpkg.com/ee-argv/-/ee-argv-0.1.4.tgz#77f459daf980f11d2c6f8e28a21abb88020168ab"

ee-async@0.2.x:
  version "0.2.11"
  resolved "https://registry.yarnpkg.com/ee-async/-/ee-async-0.2.11.tgz#c1e4c90a96c6e45a2950c4269ea966ac9d4c1039"
  dependencies:
    ee-class "1.0.x"
    ee-error "0.1.x"
    ee-log "0.2.x"
    ee-types "0.1.x"

ee-class@*, ee-class@^1.2.x, ee-class@1.x, ee-class@1.x.x:
  version "1.4.0"
  resolved "https://registry.yarnpkg.com/ee-class/-/ee-class-1.4.0.tgz#2903f622ee1fe40cd8ba989d7ea239a31bd5e255"

ee-class@0.2.x:
  version "0.2.8"
  resolved "https://registry.yarnpkg.com/ee-class/-/ee-class-0.2.8.tgz#916103a79558f0fd182ffdaebeefad1398aca9a8"

ee-class@0.4.*, ee-class@0.4.x:
  version "0.4.0"
  resolved "https://registry.yarnpkg.com/ee-class/-/ee-class-0.4.0.tgz#be62a54c52901b0af89a04189c0ee19751967e4b"

ee-class@1.0.*, ee-class@1.0.x:
  version "1.0.9"
  resolved "https://registry.yarnpkg.com/ee-class/-/ee-class-1.0.9.tgz#3bc4a66fdffb06f1af2d1a8a662b0f6f018a6b6d"

ee-error@0.1.x:
  version "0.1.0"
  resolved "https://registry.yarnpkg.com/ee-error/-/ee-error-0.1.0.tgz#d4dc703e02a581ac8904df3d29f95d0e73d4eb1e"

ee-event-emitter@0.1.*, ee-event-emitter@0.1.x:
  version "0.1.3"
  resolved "https://registry.yarnpkg.com/ee-event-emitter/-/ee-event-emitter-0.1.3.tgz#eda3166a496eb9768e3bf7263b14ff54ac74b927"
  dependencies:
    ee-class "1.0.x"
    ee-log "0.2.x"

ee-event-emitter@0.3.x:
  version "0.3.1"
  resolved "https://registry.yarnpkg.com/ee-event-emitter/-/ee-event-emitter-0.3.1.tgz#ca2e7e0ebdfecc2dac2c22d2088c864961149724"
  dependencies:
    ee-class "^1.2.x"
    ee-log "0.2.x"

ee-log@0.2.*, ee-log@0.2.x:
  version "0.2.23"
  resolved "https://registry.yarnpkg.com/ee-log/-/ee-log-0.2.23.tgz#1c50f3d6278d0af90975ed40c4fb6b79610a7029"
  dependencies:
    ee-class "0.4.x"
    ee-types "0.1.x"

ee-log@0.3.x:
  version "0.3.11"
  resolved "https://registry.yarnpkg.com/ee-log/-/ee-log-0.3.11.tgz#7b9dee47d3d7fc99a94cdb19ac9d99ff8f66a368"
  dependencies:
    ee-argv "0.1.x"
    ee-class "1.x"
    ee-types "2.x"

ee-log@1.x:
  version "1.0.1"
  resolved "https://registry.yarnpkg.com/ee-log/-/ee-log-1.0.1.tgz#1db6b9e061f8707a8ef497c0109abb4136d0f0bd"
  dependencies:
    ee-argv "0.1.x"
    ee-class "1.x"
    ee-types "2.x"

ee-lru-cache@0.1.*, ee-lru-cache@0.1.x:
  version "0.1.9"
  resolved "https://registry.yarnpkg.com/ee-lru-cache/-/ee-lru-cache-0.1.9.tgz#904e54800f49998b0f4e9fe734436ab59573e54a"
  dependencies:
    binary-search-tree "0.2.4"
    ee-class "0.4.x"
    ee-event-emitter "0.1.x"
    ee-log "0.2.x"

ee-project@0.2.x:
  version "0.2.4"
  resolved "https://registry.yarnpkg.com/ee-project/-/ee-project-0.2.4.tgz#f3b2869f9d89935af10b228ef6ed65fd26b8b7df"
  dependencies:
    ee-class "0.4.x"
    ee-log "0.2.x"

ee-rest-headers@0.3.*, ee-rest-headers@0.3.x:
  version "0.3.1"
  resolved "https://registry.yarnpkg.com/ee-rest-headers/-/ee-rest-headers-0.3.1.tgz#9b88ad8eb1798219fc4412487f2ec0f66b753fc3"
  dependencies:
    ee-class "1.0.*"
    ee-log "0.2.*"
    ee-lru-cache "0.1.*"
    ee-types "0.1.*"
    pegjs "0.8.*"

ee-soa-request@>=0.2.16:
  version "0.2.18"
  resolved "https://registry.yarnpkg.com/ee-soa-request/-/ee-soa-request-0.2.18.tgz#cedbafa0e8bab096c66341941911cccae79bfb94"
  dependencies:
    ee-class "1.x"
    ee-types "1.x"
    semver "5.x"

ee-soa-response@0.1.x:
  version "0.1.5"
  resolved "https://registry.yarnpkg.com/ee-soa-response/-/ee-soa-response-0.1.5.tgz#7910e280b80d1787ce93f7b6454036dde766fbf6"
  dependencies:
    ee-class "1.0.x"
    ee-event-emitter "0.1.x"
    ee-log "0.2.x"
    ee-types "0.1.x"

ee-soa-rpc-request@0.2.x:
  version "0.2.22"
  resolved "https://registry.yarnpkg.com/ee-soa-rpc-request/-/ee-soa-rpc-request-0.2.22.tgz#1910f3b28195d614a3842caa5ec3945911e185f4"
  dependencies:
    ee-argv "0.1.x"
    ee-class "1.x"
    ee-event-emitter "0.3.x"
    ee-log "0.3.x"
    ee-rest-headers "0.3.*"
    ee-soa-response "0.1.x"
    ee-soa-transport-rest "0.4.x"
    ee-webserver "0.3.x"

ee-soa-transport-rest@0.4.x:
  version "0.4.24"
  resolved "https://registry.yarnpkg.com/ee-soa-transport-rest/-/ee-soa-transport-rest-0.4.24.tgz#d558cfe323983055329d1bc0ca88058ea6f977b3"
  dependencies:
    ee-argv "0.1.x"
    ee-class "1.x"
    ee-event-emitter "0.3.x"
    ee-log "0.3.x"
    ee-rest-headers "0.3.x"
    ee-soa-request ">=0.2.16"
    ee-soa-response "0.1.x"
    ee-soa-transport "0.1.x"
    ee-soa-transport-rewrite "0.2.x"
    ee-templates "0.4.x"
    ee-types "1.x"
    ee-webservice "0.3.x"
    em-formdata-collector "0.2.x"

ee-soa-transport-rewrite@0.2.x:
  version "0.2.1"
  resolved "https://registry.yarnpkg.com/ee-soa-transport-rewrite/-/ee-soa-transport-rewrite-0.2.1.tgz#bb71be09e52467c7be47743a9a0317061140725e"
  dependencies:
    ee-class "1.0.*"
    ee-event-emitter "0.1.*"
    ee-log "0.2.*"
    ee-types "0.1.*"

ee-soa-transport@0.1.x:
  version "0.1.1"
  resolved "https://registry.yarnpkg.com/ee-soa-transport/-/ee-soa-transport-0.1.1.tgz#c95bdff6e703fc5c9b5aa39029fee24464d39577"
  dependencies:
    ee-class "1.0.x"
    ee-event-emitter "0.1.x"
    ee-log "0.2.x"
    ee-soa-response "0.1.x"
    ee-types "0.1.x"

ee-stream-collector@0.1.x:
  version "0.1.5"
  resolved "https://registry.yarnpkg.com/ee-stream-collector/-/ee-stream-collector-0.1.5.tgz#80542df74a996d1bceec74fd5681878d67696437"
  dependencies:
    ee-class "1.0.x"
    ee-log "0.2.x"
    ee-types "0.1.x"

ee-templates@0.4.x:
  version "0.4.14"
  resolved "https://registry.yarnpkg.com/ee-templates/-/ee-templates-0.4.14.tgz#b3337f03dbb39c99d592fe1fbac70ee698cd9637"
  dependencies:
    ee-argv "0.1.*"
    ee-class "1.0.*"
    ee-event-emitter "0.1.*"
    ee-log "0.2.*"
    ee-types "0.1.*"
    fast-csv "0.5.*"
    js2xmlparser "0.1.*"

ee-types@0.1.*, ee-types@0.1.x:
  version "0.1.3"
  resolved "https://registry.yarnpkg.com/ee-types/-/ee-types-0.1.3.tgz#785baa2f50a78aab48943f335111b8fb79ac61b9"
  dependencies:
    ee-class "*"

ee-types@1.x:
  version "1.0.0"
  resolved "https://registry.yarnpkg.com/ee-types/-/ee-types-1.0.0.tgz#adbfeb517bbf230d5e168aaf5c4b76571aa2a15b"
  dependencies:
    ee-class "1.x.x"

ee-types@2.x:
  version "2.1.2"
  resolved "https://registry.yarnpkg.com/ee-types/-/ee-types-2.1.2.tgz#601fd442664838907a13d359c18d66a665401d17"
  dependencies:
    ee-class "1.x"

ee-waiter@0.1.x:
  version "0.1.1"
  resolved "https://registry.yarnpkg.com/ee-waiter/-/ee-waiter-0.1.1.tgz#90b6d1f0cb5ee83408623d14b8ad8a1b050682d1"
  dependencies:
    ee-class "0.4.*"

ee-webserver@0.3.x:
  version "0.3.25"
  resolved "https://registry.yarnpkg.com/ee-webserver/-/ee-webserver-0.3.25.tgz#9f2f3cf266dc2a3eaac8f70e131f4ad90dba156a"
  dependencies:
    ee-argv "0.1.x"
    ee-class "0.2.x"
    ee-error "0.1.x"
    ee-event-emitter "0.1.x"
    ee-log "0.2.x"
    ee-project "0.2.x"
    ee-types "0.1.x"
    ee-waiter "0.1.x"

ee-webservice@0.3.x:
  version "0.3.4"
  resolved "https://registry.yarnpkg.com/ee-webservice/-/ee-webservice-0.3.4.tgz#000be863b845699f49fe138add9bcb35b26186d0"
  dependencies:
    ee-arguments "1.0.x"
    ee-argv "0.1.x"
    ee-class "1.0.x"
    ee-event-emitter "0.1.x"
    ee-log "0.2.x"
    ee-lru-cache "0.1.x"
    ee-project "0.2.x"
    ee-types "0.1.x"
    ee-webserver "0.3.x"

em-formdata-collector@0.2.x:
  version "0.2.9"
  resolved "https://registry.yarnpkg.com/em-formdata-collector/-/em-formdata-collector-0.2.9.tgz#74cf69d253a595e6d1c08df6c934196d60052ee1"
  dependencies:
    ee-class "1.0.x"
    ee-log "0.2.x"
    ee-stream-collector "0.1.x"
    multiparty "3.3.2"

es6-promise@1.0.x:
  version "1.0.0"
  resolved "https://registry.yarnpkg.com/es6-promise/-/es6-promise-1.0.0.tgz#f90d3629faa7c26166ae4df77c89bacdeb8dca7f"

escape-string-regexp@1.0.2:
  version "1.0.2"
  resolved "https://registry.yarnpkg.com/escape-string-regexp/-/escape-string-regexp-1.0.2.tgz#4dbc2fe674e71949caf3fb2695ce7f2dc1d9a8d1"

extended@~0.0.3, extended@0.0.6:
  version "0.0.6"
  resolved "https://registry.yarnpkg.com/extended/-/extended-0.0.6.tgz#7fb8bf7b9dae397586e48570acfd642c78e50669"
  dependencies:
    extender "~0.0.5"

extender@~0.0.5:
  version "0.0.10"
  resolved "https://registry.yarnpkg.com/extender/-/extender-0.0.10.tgz#589c07482be61a1460b6d81f9c24aa67e8f324cd"
  dependencies:
    declare.js "~0.0.4"

fast-csv@0.5.*:
  version "0.5.7"
  resolved "https://registry.yarnpkg.com/fast-csv/-/fast-csv-0.5.7.tgz#e25e71e5a30f51c32f7162feaabc5c0531b1af59"
  dependencies:
    extended "0.0.6"
    is-extended "0.0.10"
    object-extended "0.0.7"
    string-extended "0.0.8"

generic-pool@2.4.2:
  version "2.4.2"
  resolved "https://registry.yarnpkg.com/generic-pool/-/generic-pool-2.4.2.tgz#886bc5bf0beb7db96e81bcbba078818de5a62683"

glob@3.2.11:
  version "3.2.11"
  resolved "https://registry.yarnpkg.com/glob/-/glob-3.2.11.tgz#4a973f635b9190f715d10987d5c00fd2815ebe3d"
  dependencies:
    inherits "2"
    minimatch "0.3"

growl@1.9.2:
  version "1.9.2"
  resolved "https://registry.yarnpkg.com/growl/-/growl-1.9.2.tgz#0ea7743715db8d8de2c5ede1775e1b45ac85c02f"

inherits@~2.0.1, inherits@2:
  version "2.0.3"
  resolved "https://registry.yarnpkg.com/inherits/-/inherits-2.0.3.tgz#633c2c83e3da42a502f52466022480f4208261de"

is-extended@~0.0.3, is-extended@~0.0.8, is-extended@0.0.10:
  version "0.0.10"
  resolved "https://registry.yarnpkg.com/is-extended/-/is-extended-0.0.10.tgz#244e140df75bb1c9a3106f412ff182fb534a6d62"
  dependencies:
    extended "~0.0.3"

isarray@0.0.1:
  version "0.0.1"
  resolved "https://registry.yarnpkg.com/isarray/-/isarray-0.0.1.tgz#8a18acfca9a8f4177e09abfc6038939b05d1eedf"

jade@0.26.3:
  version "0.26.3"
  resolved "https://registry.yarnpkg.com/jade/-/jade-0.26.3.tgz#8f10d7977d8d79f2f6ff862a81b0513ccb25686c"
  dependencies:
    commander "0.6.1"
    mkdirp "0.3.0"

js2xmlparser@0.1.*:
  version "0.1.9"
  resolved "https://registry.yarnpkg.com/js2xmlparser/-/js2xmlparser-0.1.9.tgz#2c516788e09460637f9a403dfed7b925f71d239e"

linkd@0.3.x:
  version "0.3.8"
  resolved "https://registry.yarnpkg.com/linkd/-/linkd-0.3.8.tgz#e52e12807a33f8644801e229c99ea77b4cfaee4a"
  dependencies:
    ee-class "^1.2.x"
    ee-event-emitter "0.1.x"
    ee-log "0.3.x"

linkd@1.x:
  version "1.0.1"
  resolved "https://registry.yarnpkg.com/linkd/-/linkd-1.0.1.tgz#158e981b13d97276a458950e228de4329404ba8c"
  dependencies:
    ee-class "1.x"
    ee-event-emitter "0.3.x"
    ee-log "0.3.x"

lru-cache@2:
  version "2.7.3"
  resolved "https://registry.yarnpkg.com/lru-cache/-/lru-cache-2.7.3.tgz#6d4524e8b955f95d4f5b58851ce21dd72fb4e952"

memory-manager@0.1.x:
  version "0.1.1"
  resolved "https://registry.yarnpkg.com/memory-manager/-/memory-manager-0.1.1.tgz#721cfbabde8bc87311ac942b42ef92a7e1e9d1ba"
  dependencies:
    ee-class "1.x"
    ee-event-emitter "0.3.x"
    ee-log "0.3.x"
    ee-types "1.x"

minimatch@0.3:
  version "0.3.0"
  resolved "https://registry.yarnpkg.com/minimatch/-/minimatch-0.3.0.tgz#275d8edaac4f1bb3326472089e7949c8394699dd"
  dependencies:
    lru-cache "2"
    sigmund "~1.0.0"

minimist@0.0.8:
  version "0.0.8"
  resolved "https://registry.yarnpkg.com/minimist/-/minimist-0.0.8.tgz#857fcabfc3397d2625b8228262e86aa7a011b05d"

mkdirp@0.3.0:
  version "0.3.0"
  resolved "https://registry.yarnpkg.com/mkdirp/-/mkdirp-0.3.0.tgz#1bbf5ab1ba827af23575143490426455f481fe1e"

mkdirp@0.5.1:
  version "0.5.1"
  resolved "https://registry.yarnpkg.com/mkdirp/-/mkdirp-0.5.1.tgz#30057438eac6cf7f8c4767f38648d6697d75c903"
  dependencies:
    minimist "0.0.8"

mocha@2.x:
  version "2.5.3"
  resolved "https://registry.yarnpkg.com/mocha/-/mocha-2.5.3.tgz#161be5bdeb496771eb9b35745050b622b5aefc58"
  dependencies:
    commander "2.3.0"
    debug "2.2.0"
    diff "1.4.0"
    escape-string-regexp "1.0.2"
    glob "3.2.11"
    growl "1.9.2"
    jade "0.26.3"
    mkdirp "0.5.1"
    supports-color "1.2.0"
    to-iso-string "0.0.2"

ms@0.7.1:
  version "0.7.1"
  resolved "https://registry.yarnpkg.com/ms/-/ms-0.7.1.tgz#9cd13c03adbff25b65effde7ce864ee952017098"

multiparty@3.3.2:
  version "3.3.2"
  resolved "https://registry.yarnpkg.com/multiparty/-/multiparty-3.3.2.tgz#35de6804dc19643e5249f3d3e3bdc6c8ce301d3f"
  dependencies:
    readable-stream "~1.1.9"
    stream-counter "~0.2.0"

mysql@2.x:
  version "2.11.1"
  resolved "https://registry.yarnpkg.com/mysql/-/mysql-2.11.1.tgz#7bdbfda477141fd15eeec2b710320c0d20ce7d08"
  dependencies:
    bignumber.js "2.3.0"
    readable-stream "1.1.14"
    sqlstring "2.0.1"

object-extended@0.0.7:
  version "0.0.7"
  resolved "https://registry.yarnpkg.com/object-extended/-/object-extended-0.0.7.tgz#84fd23f56b15582aeb3e88b05cb55d2432d68a33"
  dependencies:
    array-extended "~0.0.4"
    extended "~0.0.3"
    is-extended "~0.0.3"

packet-reader@0.2.0:
  version "0.2.0"
  resolved "https://registry.yarnpkg.com/packet-reader/-/packet-reader-0.2.0.tgz#819df4d010b82d5ea5671f8a1a3acf039bcd7700"

pegjs@0.8.*:
  version "0.8.0"
  resolved "https://registry.yarnpkg.com/pegjs/-/pegjs-0.8.0.tgz#976f067da13e5c5b1501c017925668a253811561"

pg-connection-string@0.1.3:
  version "0.1.3"
  resolved "https://registry.yarnpkg.com/pg-connection-string/-/pg-connection-string-0.1.3.tgz#da1847b20940e42ee1492beaf65d49d91b245df7"

pg-types@1.*:
  version "1.11.0"
  resolved "https://registry.yarnpkg.com/pg-types/-/pg-types-1.11.0.tgz#aae91a82d952b633bb88d006350a166daaf6ea90"
  dependencies:
    ap "~0.2.0"
    postgres-array "~1.0.0"
    postgres-bytea "~1.0.0"
    postgres-date "~1.0.0"
    postgres-interval "~1.0.0"

pg@4.x:
  version "4.5.6"
  resolved "https://registry.yarnpkg.com/pg/-/pg-4.5.6.tgz#a1de4878afa5cb208a25815f5ff89d2e0ebf52f8"
  dependencies:
    buffer-writer "1.0.1"
    generic-pool "2.4.2"
    packet-reader "0.2.0"
    pg-connection-string "0.1.3"
    pg-types "1.*"
    pgpass "0.0.3"
    semver "^4.1.0"

pgpass@0.0.3:
  version "0.0.3"
  resolved "https://registry.yarnpkg.com/pgpass/-/pgpass-0.0.3.tgz#12e67e343b3189c2f31206ebc9cc0befffcf9140"
  dependencies:
    split "~0.3"

postgres-array@~1.0.0:
  version "1.0.0"
  resolved "https://registry.yarnpkg.com/postgres-array/-/postgres-array-1.0.0.tgz#48c2e82935b178bf805e0dff689d137eec2bfe6b"

postgres-bytea@~1.0.0:
  version "1.0.0"
  resolved "https://registry.yarnpkg.com/postgres-bytea/-/postgres-bytea-1.0.0.tgz#027b533c0aa890e26d172d47cf9ccecc521acd35"

postgres-date@~1.0.0:
  version "1.0.3"
  resolved "https://registry.yarnpkg.com/postgres-date/-/postgres-date-1.0.3.tgz#e2d89702efdb258ff9d9cee0fe91bd06975257a8"

postgres-interval@~1.0.0:
  version "1.0.2"
  resolved "https://registry.yarnpkg.com/postgres-interval/-/postgres-interval-1.0.2.tgz#7261438d862b412921c6fdb7617668424b73a6ed"
  dependencies:
    xtend "^4.0.0"

readable-stream@~1.1.8, readable-stream@~1.1.9, readable-stream@1.1.14:
  version "1.1.14"
  resolved "https://registry.yarnpkg.com/readable-stream/-/readable-stream-1.1.14.tgz#7cf4c54ef648e3813084c636dd2079e166c081d9"
  dependencies:
    core-util-is "~1.0.0"
    inherits "~2.0.1"
    isarray "0.0.1"
    string_decoder "~0.10.x"

related-db-cluster@2.x:
  version "2.2.8"
  resolved "https://registry.yarnpkg.com/related-db-cluster/-/related-db-cluster-2.2.8.tgz#62b5c74de13f779b8d7f5e8d35bc64d14f3e0567"
  dependencies:
    ee-argv "0.1.x"
    ee-class "1.x"
    ee-event-emitter "0.3.x"
    ee-log "0.3.x"
    ee-types "1.x"
    linkd "1.x"
    related-mysql-analyzer "2.x"
    related-mysql-connection "2.x"
    related-mysql-query-builder "2.x"
    related-mysql-query-compiler "0.x"
    related-postgres-analyzer "2.x"
    related-postgres-connection "2.x"
    related-postgres-query-builder "2.x"
    related-postgres-query-compiler "0.x"
    related-query-context "2.x"

related-db-connection@2.x:
  version "2.0.2"
  resolved "https://registry.yarnpkg.com/related-db-connection/-/related-db-connection-2.0.2.tgz#f9d53e281dad2d9d012cbfd944ac38b6074a1d36"
  dependencies:
    ee-argv "0.1.x"
    ee-class "1.x"
    ee-event-emitter "0.3.x"
    ee-log "0.3.x"
    ee-types "1.x"
    related-error "0.1.x"
    related-query-context "2.x"
    sqlformatter "0.1.x"

related-error@0.1.x:
  version "0.1.0"
  resolved "https://registry.yarnpkg.com/related-error/-/related-error-0.1.0.tgz#19a1cabd99652c2cec06331799868859f571e0b2"
  dependencies:
    ee-class "1.x.x"
    ee-event-emitter "0.1.x"
    ee-log "0.3.x"
    ee-types "0.1.x"

related-extension@1.x:
  version "1.1.0"
  resolved "https://registry.yarnpkg.com/related-extension/-/related-extension-1.1.0.tgz#4f2bcba448e46308b507bfbce38bf902cb5b079b"
  dependencies:
    ee-class "1.x"
    ee-event-emitter "0.3.x"
    ee-log "0.3.x"
    ee-types "2.x"

related-localization@2.x:
  version "2.1.1"
  resolved "https://registry.yarnpkg.com/related-localization/-/related-localization-2.1.1.tgz#cf80f44a28aa754a34500d1adbe3416c24bec514"
  dependencies:
    ee-argv "0.x.x"
    ee-class "1.x"
    ee-event-emitter "0.3.x"
    ee-log "0.3.x"
    ee-types "2.x"
    related-extension "1.x"

related-mysql-analyzer@2.x:
  version "2.0.12"
  resolved "https://registry.yarnpkg.com/related-mysql-analyzer/-/related-mysql-analyzer-2.0.12.tgz#59ce817f8a333ae6a7a69edae821eef9a34976e0"
  dependencies:
    ee-class "1.x"
    ee-log "0.3.x"
    ee-types "1.x"
    related-query-context "2.x"

related-mysql-connection@2.x:
  version "2.0.1"
  resolved "https://registry.yarnpkg.com/related-mysql-connection/-/related-mysql-connection-2.0.1.tgz#c08bf2b65ad7239d6002c5de3a49c6ea90334a9e"
  dependencies:
    ee-argv "0.1.x"
    ee-async "0.2.x"
    ee-class "1.x"
    ee-event-emitter "0.3.x"
    ee-log "0.3.x"
    ee-types "1.x"
    mysql "2.x"
    related-db-connection "2.x"
    related-error "0.1.x"

related-mysql-query-builder@2.x:
  version "2.0.0"
  resolved "https://registry.yarnpkg.com/related-mysql-query-builder/-/related-mysql-query-builder-2.0.0.tgz#f8448718bd4fa3f5ff83ec4b94ee4184c5944242"
  dependencies:
    ee-class "1.x"
    ee-log "0.3.x"
    ee-types "1.x"
    related-query-builder "2.x"

related-mysql-query-compiler@0.x:
  version "0.1.3"
  resolved "https://registry.yarnpkg.com/related-mysql-query-compiler/-/related-mysql-query-compiler-0.1.3.tgz#87ee39a1d0ee3dedcd77a4400e44a31553dae2a0"
  dependencies:
    ee-class "1.x"
    ee-log "0.3.x"
    ee-types "2.x"
    related-query-compiler "0.x"

related-postgres-analyzer@2.x:
  version "2.0.6"
  resolved "https://registry.yarnpkg.com/related-postgres-analyzer/-/related-postgres-analyzer-2.0.6.tgz#81e2d03a16ec542ad15e917ea7dab1792727176f"
  dependencies:
    ee-class "1.x"
    ee-log "0.3.x"
    ee-types "1.x"
    related-query-context "2.x"

related-postgres-connection@2.x:
  version "2.0.1"
  resolved "https://registry.yarnpkg.com/related-postgres-connection/-/related-postgres-connection-2.0.1.tgz#4c556612a9988bfdabded411123193a364d8ce74"
  dependencies:
    ee-argv "0.1.x"
    ee-class "1.x"
    ee-log "0.3.x"
    ee-types "1.x"
    pg "4.x"
    related-db-connection "2.x"
    related-error "0.1.x"

related-postgres-query-builder@2.x:
  version "2.0.2"
  resolved "https://registry.yarnpkg.com/related-postgres-query-builder/-/related-postgres-query-builder-2.0.2.tgz#766f29b10d08a61cc9d9ce266853cc8672832107"
  dependencies:
    ee-class "1.x"
    ee-log "0.3.x"
    ee-types "1.x"
    related-query-builder "2.x"

related-postgres-query-compiler@0.x:
  version "0.1.3"
  resolved "https://registry.yarnpkg.com/related-postgres-query-compiler/-/related-postgres-query-compiler-0.1.3.tgz#d98bf6e043c5e5b9ce643f3399421af2207ef02d"
  dependencies:
    ee-class "1.x"
    ee-log "0.3.x"
    ee-types "2.x"
    related-query-compiler "0.x"

related-query-builder@2.x:
  version "2.1.1"
  resolved "https://registry.yarnpkg.com/related-query-builder/-/related-query-builder-2.1.1.tgz#4391fa1b39a2c7002ec0067ce772f7125874afd8"
  dependencies:
    ee-class "1.x"
    ee-log "0.3.x"
    ee-types "2.x"
    related-query-context "2.x"

related-query-compiler@0.x:
  version "0.1.10"
  resolved "https://registry.yarnpkg.com/related-query-compiler/-/related-query-compiler-0.1.10.tgz#1d54aaa11962a89f92ed4c3b555c3c57a687945c"
  dependencies:
    ee-class "1.x"
    ee-log "0.3.x"
    ee-types "2.x"

related-query-context@^2.1, related-query-context@2.x:
  version "2.1.1"
  resolved "https://registry.yarnpkg.com/related-query-context/-/related-query-context-2.1.1.tgz#c2c856716bf96692ec6cae3f028ff1dc4080f512"
  dependencies:
    ee-class "1.x"
    ee-log "0.3.x"
    ee-types "2.x"

related-timestamps@2.x:
  version "2.0.0"
  resolved "https://registry.yarnpkg.com/related-timestamps/-/related-timestamps-2.0.0.tgz#7902cc343c80a1af44736deaa42e596cb83bfbac"
  dependencies:
    ee-class "1.x"
    ee-event-emitter "0.3.x"
    ee-log "0.3.x"
    ee-types "1.x"
    related-extension "1.x"

related@2.x:
  version "2.6.0"
  resolved "https://registry.yarnpkg.com/related/-/related-2.6.0.tgz#74d854b1232d8c7e61a4c31206fa86e12572d6f7"
  dependencies:
    async-method "0.1.x"
    ee-arguments "1.0.x"
    ee-argv "0.1.x"
    ee-async "0.2.x"
    ee-class "1.x"
    ee-event-emitter "0.3.x"
    ee-log "0.3.x"
    ee-types "2.x"
    related-db-cluster "2.x"
    related-query-context "^2.1"
    test-config "0.1.x"

semver@^4.1.0:
  version "4.3.6"
  resolved "https://registry.yarnpkg.com/semver/-/semver-4.3.6.tgz#300bc6e0e86374f7ba61068b5b1ecd57fc6532da"

semver@5.x:
  version "5.3.0"
  resolved "https://registry.yarnpkg.com/semver/-/semver-5.3.0.tgz#9b2ce5d3de02d17c6012ad326aa6b4d0cf54f94f"

sigmund@~1.0.0:
  version "1.0.1"
  resolved "https://registry.yarnpkg.com/sigmund/-/sigmund-1.0.1.tgz#3ff21f198cad2175f9f3b781853fd94d0d19b590"

split@~0.3:
  version "0.3.3"
  resolved "https://registry.yarnpkg.com/split/-/split-0.3.3.tgz#cd0eea5e63a211dfff7eb0f091c4133e2d0dd28f"
  dependencies:
    through "2"

sqlformatter@0.1.x:
  version "0.1.0"
  resolved "https://registry.yarnpkg.com/sqlformatter/-/sqlformatter-0.1.0.tgz#48e9936475db9a7fe52b60a0638f3c1cf2f2d7e3"

sqlstring@2.0.1:
  version "2.0.1"
  resolved "https://registry.yarnpkg.com/sqlstring/-/sqlstring-2.0.1.tgz#bcd3c3931af1a5ab7d54a558eb3563ca3d378b98"

stream-counter@~0.2.0:
  version "0.2.0"
  resolved "https://registry.yarnpkg.com/stream-counter/-/stream-counter-0.2.0.tgz#ded266556319c8b0e222812b9cf3b26fa7d947de"
  dependencies:
    readable-stream "~1.1.8"

string_decoder@~0.10.x:
  version "0.10.31"
  resolved "https://registry.yarnpkg.com/string_decoder/-/string_decoder-0.10.31.tgz#62e203bc41766c6c28c9fc84301dab1c5310fa94"

string-extended@0.0.8:
  version "0.0.8"
  resolved "https://registry.yarnpkg.com/string-extended/-/string-extended-0.0.8.tgz#741957dff487b0272a79eec5a44f239ee6f17ccd"
  dependencies:
    array-extended "~0.0.5"
    date-extended "~0.0.3"
    extended "~0.0.3"
    is-extended "~0.0.3"

supports-color@1.2.0:
  version "1.2.0"
  resolved "https://registry.yarnpkg.com/supports-color/-/supports-color-1.2.0.tgz#ff1ed1e61169d06b3cf2d588e188b18d8847e17e"

test-config@0.1.x:
  version "0.1.1"
  resolved "https://registry.yarnpkg.com/test-config/-/test-config-0.1.1.tgz#b12fea73c23e0afd7a4effbaaef7fa7f568b7ec0"
  dependencies:
    ee-class "1.0.x"
    ee-log "0.3.x"
    ee-project "0.2.x"
    ee-types "0.1.x"

through@2:
  version "2.3.8"
  resolved "https://registry.yarnpkg.com/through/-/through-2.3.8.tgz#0dd4c9ffaabc357960b1b724115d7e0e86a2e1f5"

to-iso-string@0.0.2:
  version "0.0.2"
  resolved "https://registry.yarnpkg.com/to-iso-string/-/to-iso-string-0.0.2.tgz#4dc19e664dfccbe25bd8db508b00c6da158255d1"

underscore@~1.4.4:
  version "1.4.4"
  resolved "https://registry.yarnpkg.com/underscore/-/underscore-1.4.4.tgz#61a6a32010622afa07963bf325203cf12239d604"

xtend@^4.0.0:
  version "4.0.1"
  resolved "https://registry.yarnpkg.com/xtend/-/xtend-4.0.1.tgz#a5c6d532be656e23db820efb943a1f04998d63af"

